
Microsoft Visual Studio Solution File, Format Version 12.00
# Visual Studio Version 17
VisualStudioVersion = 17.11.35327.3
MinimumVisualStudioVersion = 10.0.40219.1
Project("{FAE04EC0-301F-11D3-BF4B-00C04F79EFBC}") = "Fullstack-Server", "Fullstack-Server\Fullstack-Server.csproj", "{463EB9FD-F5E3-4BAF-9AF6-3FD15719BA3C}"
EndProject
Global
	GlobalSection(SolutionConfigurationPlatforms) = preSolution
		Debug|Any CPU = Debug|Any CPU
		Release|Any CPU = Release|Any CPU
	EndGlobalSection
	GlobalSection(ProjectConfigurationPlatforms) = postSolution
		{463EB9FD-F5E3-4BAF-9AF6-3FD15719BA3C}.Debug|Any CPU.ActiveCfg = Debug|Any CPU
		{463EB9FD-F5E3-4BAF-9AF6-3FD15719BA3C}.Debug|Any CPU.Build.0 = Debug|Any CPU
		{463EB9FD-F5E3-4BAF-9AF6-3FD15719BA3C}.Release|Any CPU.ActiveCfg = Release|Any CPU
		{463EB9FD-F5E3-4BAF-9AF6-3FD15719BA3C}.Release|Any CPU.Build.0 = Release|Any CPU
	EndGlobalSection
	GlobalSection(SolutionProperties) = preSolution
		HideSolutionNode = FALSE
	EndGlobalSection
	GlobalSection(ExtensibilityGlobals) = postSolution
		SolutionGuid = {D2CE82B3-6973-4F5F-9200-5B308A26E733}
	EndGlobalSection
EndGlobal
