
Microsoft Visual Studio Solution File, Format Version 12.00
# Visual Studio Version 17
VisualStudioVersion = 17.9.34902.65
MinimumVisualStudioVersion = 10.0.40219.1
Project("{9A19103F-16F7-4668-BE54-9A1E7A4F7556}") = "rechi-auerbach-courses", "rechi-auerbach-courses\rechi-auerbach-courses.csproj", "{35BBB7E8-1532-4C67-80CC-B46C916EF949}"
EndProject
Project("{FAE04EC0-301F-11D3-BF4B-00C04F79EFBC}") = "TestCourses", "TestCourses\TestCourses.csproj", "{82AA2381-2129-437F-93A7-D6DC4C3C83D8}"
EndProject
Global
	GlobalSection(SolutionConfigurationPlatforms) = preSolution
		Debug|Any CPU = Debug|Any CPU
		Release|Any CPU = Release|Any CPU
	EndGlobalSection
	GlobalSection(ProjectConfigurationPlatforms) = postSolution
		{35BBB7E8-1532-4C67-80CC-B46C916EF949}.Debug|Any CPU.ActiveCfg = Debug|Any CPU
		{35BBB7E8-1532-4C67-80CC-B46C916EF949}.Debug|Any CPU.Build.0 = Debug|Any CPU
		{35BBB7E8-1532-4C67-80CC-B46C916EF949}.Release|Any CPU.ActiveCfg = Release|Any CPU
		{35BBB7E8-1532-4C67-80CC-B46C916EF949}.Release|Any CPU.Build.0 = Release|Any CPU
		{82AA2381-2129-437F-93A7-D6DC4C3C83D8}.Debug|Any CPU.ActiveCfg = Debug|Any CPU
		{82AA2381-2129-437F-93A7-D6DC4C3C83D8}.Debug|Any CPU.Build.0 = Debug|Any CPU
		{82AA2381-2129-437F-93A7-D6DC4C3C83D8}.Release|Any CPU.ActiveCfg = Release|Any CPU
		{82AA2381-2129-437F-93A7-D6DC4C3C83D8}.Release|Any CPU.Build.0 = Release|Any CPU
	EndGlobalSection
	GlobalSection(SolutionProperties) = preSolution
		HideSolutionNode = FALSE
	EndGlobalSection
	GlobalSection(ExtensibilityGlobals) = postSolution
		SolutionGuid = {E9D74E5D-D09D-4F54-981C-89307EF4A650}
	EndGlobalSection
EndGlobal
