
Microsoft Visual Studio Solution File, Format Version 12.00
# Visual Studio Version 17
VisualStudioVersion = 17.13.35931.197 d17.13
MinimumVisualStudioVersion = 10.0.40219.1
Project("{FAE04EC0-301F-11D3-BF4B-00C04F79EFBC}") = "Fullstack.API", "Fullstack\Fullstack.API.csproj", "{592D93EE-4303-44FB-AFE5-26E35C6DCF0F}"
EndProject
Project("{FAE04EC0-301F-11D3-BF4B-00C04F79EFBC}") = "Fullstack.Core", "Fullstack.core\Fullstack.Core.csproj", "{4D8A574E-4A0D-4618-BE7B-7DC0D636F0D0}"
EndProject
Project("{FAE04EC0-301F-11D3-BF4B-00C04F79EFBC}") = "Fullstack.Service", "Fullstack.Service\Fullstack.Service.csproj", "{1E0D2CAE-EE5F-46C0-B5B8-9158B13F83D5}"
EndProject
Project("{FAE04EC0-301F-11D3-BF4B-00C04F79EFBC}") = "Fullstack.Data", "Fullstack.Data\Fullstack.Data.csproj", "{279ED502-E603-4AF5-B42F-140569C7840E}"
EndProject
Global
	GlobalSection(SolutionConfigurationPlatforms) = preSolution
		Debug|Any CPU = Debug|Any CPU
		Release|Any CPU = Release|Any CPU
	EndGlobalSection
	GlobalSection(ProjectConfigurationPlatforms) = postSolution
		{592D93EE-4303-44FB-AFE5-26E35C6DCF0F}.Debug|Any CPU.ActiveCfg = Debug|Any CPU
		{592D93EE-4303-44FB-AFE5-26E35C6DCF0F}.Debug|Any CPU.Build.0 = Debug|Any CPU
		{592D93EE-4303-44FB-AFE5-26E35C6DCF0F}.Release|Any CPU.ActiveCfg = Release|Any CPU
		{592D93EE-4303-44FB-AFE5-26E35C6DCF0F}.Release|Any CPU.Build.0 = Release|Any CPU
		{4D8A574E-4A0D-4618-BE7B-7DC0D636F0D0}.Debug|Any CPU.ActiveCfg = Debug|Any CPU
		{4D8A574E-4A0D-4618-BE7B-7DC0D636F0D0}.Debug|Any CPU.Build.0 = Debug|Any CPU
		{4D8A574E-4A0D-4618-BE7B-7DC0D636F0D0}.Release|Any CPU.ActiveCfg = Release|Any CPU
		{4D8A574E-4A0D-4618-BE7B-7DC0D636F0D0}.Release|Any CPU.Build.0 = Release|Any CPU
		{1E0D2CAE-EE5F-46C0-B5B8-9158B13F83D5}.Debug|Any CPU.ActiveCfg = Debug|Any CPU
		{1E0D2CAE-EE5F-46C0-B5B8-9158B13F83D5}.Debug|Any CPU.Build.0 = Debug|Any CPU
		{1E0D2CAE-EE5F-46C0-B5B8-9158B13F83D5}.Release|Any CPU.ActiveCfg = Release|Any CPU
		{1E0D2CAE-EE5F-46C0-B5B8-9158B13F83D5}.Release|Any CPU.Build.0 = Release|Any CPU
		{279ED502-E603-4AF5-B42F-140569C7840E}.Debug|Any CPU.ActiveCfg = Debug|Any CPU
		{279ED502-E603-4AF5-B42F-140569C7840E}.Debug|Any CPU.Build.0 = Debug|Any CPU
		{279ED502-E603-4AF5-B42F-140569C7840E}.Release|Any CPU.ActiveCfg = Release|Any CPU
		{279ED502-E603-4AF5-B42F-140569C7840E}.Release|Any CPU.Build.0 = Release|Any CPU
	EndGlobalSection
	GlobalSection(SolutionProperties) = preSolution
		HideSolutionNode = FALSE
	EndGlobalSection
	GlobalSection(ExtensibilityGlobals) = postSolution
		SolutionGuid = {FE5015FF-AB05-4795-9C13-4894C8D3AEE9}
	EndGlobalSection
EndGlobal
